
Microsoft Visual Studio Solution File, Format Version 12.00
# Visual Studio Version 17
VisualStudioVersion = 17.0.32126.317
MinimumVisualStudioVersion = 10.0.40219.1
Project("{9A19103F-16F7-4668-BE54-9A1E7A4F7556}") = "RestWithASPNET", "RestWithASPNET\RestWithASPNET.csproj", "{3D42D6B5-84C1-4832-956E-9C1097583DE7}"
EndProject
Project("{FAE04EC0-301F-11D3-BF4B-00C04F79EFBC}") = "ScaffoldViaVisualStudio", "ScaffoldViaVisualStudio\ScaffoldViaVisualStudio.csproj", "{FC5C4BDF-D13F-445F-9483-7F610B63FD5B}"
EndProject
Global
	GlobalSection(SolutionConfigurationPlatforms) = preSolution
		Debug|Any CPU = Debug|Any CPU
		Release|Any CPU = Release|Any CPU
	EndGlobalSection
	GlobalSection(ProjectConfigurationPlatforms) = postSolution
		{3D42D6B5-84C1-4832-956E-9C1097583DE7}.Debug|Any CPU.ActiveCfg = Debug|Any CPU
		{3D42D6B5-84C1-4832-956E-9C1097583DE7}.Debug|Any CPU.Build.0 = Debug|Any CPU
		{3D42D6B5-84C1-4832-956E-9C1097583DE7}.Release|Any CPU.ActiveCfg = Release|Any CPU
		{3D42D6B5-84C1-4832-956E-9C1097583DE7}.Release|Any CPU.Build.0 = Release|Any CPU
		{FC5C4BDF-D13F-445F-9483-7F610B63FD5B}.Debug|Any CPU.ActiveCfg = Debug|Any CPU
		{FC5C4BDF-D13F-445F-9483-7F610B63FD5B}.Debug|Any CPU.Build.0 = Debug|Any CPU
		{FC5C4BDF-D13F-445F-9483-7F610B63FD5B}.Release|Any CPU.ActiveCfg = Release|Any CPU
		{FC5C4BDF-D13F-445F-9483-7F610B63FD5B}.Release|Any CPU.Build.0 = Release|Any CPU
	EndGlobalSection
	GlobalSection(SolutionProperties) = preSolution
		HideSolutionNode = FALSE
	EndGlobalSection
	GlobalSection(ExtensibilityGlobals) = postSolution
		SolutionGuid = {ABBDC25C-1F01-457B-BE11-66A9D75F96CF}
	EndGlobalSection
EndGlobal
